# THIS IS AN AUTOGENERATED FILE. DO NOT EDIT THIS FILE DIRECTLY.
# yarn lockfile v1


ts-toolbelt@^6.0.1:
  version "6.0.1"
  resolved "https://registry.yarnpkg.com/ts-toolbelt/-/ts-toolbelt-6.0.1.tgz#53bedae1e35c74ecf0a9dd09686f2d7f61eba46f"
  integrity sha512-TtpGHn+q7m9imKOZYcfGzXLzGvWyXVQX10kTDfo9/ArsKtnqtIRDRWIzZvuATDb3ioaqIleztwjOrLqYCh+V4Q==
